
Microsoft Visual Studio Solution File, Format Version 12.00
# Visual Studio Version 17
VisualStudioVersion = 17.5.33516.290
MinimumVisualStudioVersion = 10.0.40219.1
Project("{9A19103F-16F7-4668-BE54-9A1E7A4F7556}") = "CoreTestApp", "CoreTestApp\CoreTestApp.csproj", "{D28AD022-D88B-4FBF-B8FF-3D4038EDB938}"
EndProject
Project("{2150E333-8FDC-42A3-9474-1A3956D46DE8}") = "Business", "Business", "{EB7C7357-44AD-4B8A-BB7A-660B980B37E3}"
EndProject
Project("{2150E333-8FDC-42A3-9474-1A3956D46DE8}") = "Infrastructure", "Infrastructure", "{09097928-81B3-4AB1-9403-00D977DD1E33}"
EndProject
Project("{FAE04EC0-301F-11D3-BF4B-00C04F79EFBC}") = "Entities", "Entities\Entities.csproj", "{444B8A3D-A05F-4856-ADDC-9F048CE0F57B}"
EndProject
Project("{FAE04EC0-301F-11D3-BF4B-00C04F79EFBC}") = "Repositories", "Repositories\Repositories.csproj", "{50000FE3-CB3D-4D0A-9669-EB1BA935179B}"
EndProject
Project("{FAE04EC0-301F-11D3-BF4B-00C04F79EFBC}") = "Repositories.Interfaces", "Repositories.Interfaces\Repositories.Interfaces.csproj", "{77DC0F3E-3F26-4A45-97C1-E487BA6A3D9E}"
EndProject
Project("{FAE04EC0-301F-11D3-BF4B-00C04F79EFBC}") = "ServiceLayer", "ServiceLayer\ServiceLayer.csproj", "{47BD3E74-30A3-4867-936E-7BF84899EA11}"
EndProject
Project("{FAE04EC0-301F-11D3-BF4B-00C04F79EFBC}") = "ServiceLayer.Interfaces", "ServiceLayer.Interfaces\ServiceLayer.Interfaces.csproj", "{CA4EBF58-B882-4074-A515-39D9C92F1F2A}"
EndProject
Project("{FAE04EC0-301F-11D3-BF4B-00C04F79EFBC}") = "Caching", "Caching\Caching.csproj", "{D6BC23F5-86E7-4544-BCA4-404B0F095DFE}"
EndProject
Project("{FAE04EC0-301F-11D3-BF4B-00C04F79EFBC}") = "Utilities", "Utilities\Utilities.csproj", "{19ADB263-8FB6-4925-AF19-8D40834DA9CD}"
EndProject
Global
	GlobalSection(SolutionConfigurationPlatforms) = preSolution
		Debug|Any CPU = Debug|Any CPU
		Release|Any CPU = Release|Any CPU
	EndGlobalSection
	GlobalSection(ProjectConfigurationPlatforms) = postSolution
		{D28AD022-D88B-4FBF-B8FF-3D4038EDB938}.Debug|Any CPU.ActiveCfg = Debug|Any CPU
		{D28AD022-D88B-4FBF-B8FF-3D4038EDB938}.Debug|Any CPU.Build.0 = Debug|Any CPU
		{D28AD022-D88B-4FBF-B8FF-3D4038EDB938}.Release|Any CPU.ActiveCfg = Release|Any CPU
		{D28AD022-D88B-4FBF-B8FF-3D4038EDB938}.Release|Any CPU.Build.0 = Release|Any CPU
		{444B8A3D-A05F-4856-ADDC-9F048CE0F57B}.Debug|Any CPU.ActiveCfg = Debug|Any CPU
		{444B8A3D-A05F-4856-ADDC-9F048CE0F57B}.Debug|Any CPU.Build.0 = Debug|Any CPU
		{444B8A3D-A05F-4856-ADDC-9F048CE0F57B}.Release|Any CPU.ActiveCfg = Release|Any CPU
		{444B8A3D-A05F-4856-ADDC-9F048CE0F57B}.Release|Any CPU.Build.0 = Release|Any CPU
		{50000FE3-CB3D-4D0A-9669-EB1BA935179B}.Debug|Any CPU.ActiveCfg = Debug|Any CPU
		{50000FE3-CB3D-4D0A-9669-EB1BA935179B}.Debug|Any CPU.Build.0 = Debug|Any CPU
		{50000FE3-CB3D-4D0A-9669-EB1BA935179B}.Release|Any CPU.ActiveCfg = Release|Any CPU
		{50000FE3-CB3D-4D0A-9669-EB1BA935179B}.Release|Any CPU.Build.0 = Release|Any CPU
		{77DC0F3E-3F26-4A45-97C1-E487BA6A3D9E}.Debug|Any CPU.ActiveCfg = Debug|Any CPU
		{77DC0F3E-3F26-4A45-97C1-E487BA6A3D9E}.Debug|Any CPU.Build.0 = Debug|Any CPU
		{77DC0F3E-3F26-4A45-97C1-E487BA6A3D9E}.Release|Any CPU.ActiveCfg = Release|Any CPU
		{77DC0F3E-3F26-4A45-97C1-E487BA6A3D9E}.Release|Any CPU.Build.0 = Release|Any CPU
		{47BD3E74-30A3-4867-936E-7BF84899EA11}.Debug|Any CPU.ActiveCfg = Debug|Any CPU
		{47BD3E74-30A3-4867-936E-7BF84899EA11}.Debug|Any CPU.Build.0 = Debug|Any CPU
		{47BD3E74-30A3-4867-936E-7BF84899EA11}.Release|Any CPU.ActiveCfg = Release|Any CPU
		{47BD3E74-30A3-4867-936E-7BF84899EA11}.Release|Any CPU.Build.0 = Release|Any CPU
		{CA4EBF58-B882-4074-A515-39D9C92F1F2A}.Debug|Any CPU.ActiveCfg = Debug|Any CPU
		{CA4EBF58-B882-4074-A515-39D9C92F1F2A}.Debug|Any CPU.Build.0 = Debug|Any CPU
		{CA4EBF58-B882-4074-A515-39D9C92F1F2A}.Release|Any CPU.ActiveCfg = Release|Any CPU
		{CA4EBF58-B882-4074-A515-39D9C92F1F2A}.Release|Any CPU.Build.0 = Release|Any CPU
		{D6BC23F5-86E7-4544-BCA4-404B0F095DFE}.Debug|Any CPU.ActiveCfg = Debug|Any CPU
		{D6BC23F5-86E7-4544-BCA4-404B0F095DFE}.Debug|Any CPU.Build.0 = Debug|Any CPU
		{D6BC23F5-86E7-4544-BCA4-404B0F095DFE}.Release|Any CPU.ActiveCfg = Release|Any CPU
		{D6BC23F5-86E7-4544-BCA4-404B0F095DFE}.Release|Any CPU.Build.0 = Release|Any CPU
		{19ADB263-8FB6-4925-AF19-8D40834DA9CD}.Debug|Any CPU.ActiveCfg = Debug|Any CPU
		{19ADB263-8FB6-4925-AF19-8D40834DA9CD}.Debug|Any CPU.Build.0 = Debug|Any CPU
		{19ADB263-8FB6-4925-AF19-8D40834DA9CD}.Release|Any CPU.ActiveCfg = Release|Any CPU
		{19ADB263-8FB6-4925-AF19-8D40834DA9CD}.Release|Any CPU.Build.0 = Release|Any CPU
	EndGlobalSection
	GlobalSection(SolutionProperties) = preSolution
		HideSolutionNode = FALSE
	EndGlobalSection
	GlobalSection(NestedProjects) = preSolution
		{09097928-81B3-4AB1-9403-00D977DD1E33} = {EB7C7357-44AD-4B8A-BB7A-660B980B37E3}
		{444B8A3D-A05F-4856-ADDC-9F048CE0F57B} = {EB7C7357-44AD-4B8A-BB7A-660B980B37E3}
		{50000FE3-CB3D-4D0A-9669-EB1BA935179B} = {EB7C7357-44AD-4B8A-BB7A-660B980B37E3}
		{77DC0F3E-3F26-4A45-97C1-E487BA6A3D9E} = {EB7C7357-44AD-4B8A-BB7A-660B980B37E3}
		{47BD3E74-30A3-4867-936E-7BF84899EA11} = {EB7C7357-44AD-4B8A-BB7A-660B980B37E3}
		{CA4EBF58-B882-4074-A515-39D9C92F1F2A} = {EB7C7357-44AD-4B8A-BB7A-660B980B37E3}
		{D6BC23F5-86E7-4544-BCA4-404B0F095DFE} = {09097928-81B3-4AB1-9403-00D977DD1E33}
		{19ADB263-8FB6-4925-AF19-8D40834DA9CD} = {09097928-81B3-4AB1-9403-00D977DD1E33}
	EndGlobalSection
	GlobalSection(ExtensibilityGlobals) = postSolution
		SolutionGuid = {8563C1F8-32E4-420D-AB57-EDCA733AAD7C}
	EndGlobalSection
EndGlobal
